
Microsoft Visual Studio Solution File, Format Version 12.00
# Visual Studio 15
VisualStudioVersion = 15.0.27428.2037
MinimumVisualStudioVersion = 10.0.40219.1
Project("{9A19103F-16F7-4668-BE54-9A1E7A4F7556}") = "King.Amadeus.Flights.Api", "King.Amadeus.Flights.Api\King.Amadeus.Flights.Api.csproj", "{533BCBA5-B501-41F8-AE59-8406AD190754}"
EndProject
Global
	GlobalSection(SolutionConfigurationPlatforms) = preSolution
		Debug|Any CPU = Debug|Any CPU
		Release|Any CPU = Release|Any CPU
	EndGlobalSection
	GlobalSection(ProjectConfigurationPlatforms) = postSolution
		{533BCBA5-B501-41F8-AE59-8406AD190754}.Debug|Any CPU.ActiveCfg = Debug|Any CPU
		{533BCBA5-B501-41F8-AE59-8406AD190754}.Debug|Any CPU.Build.0 = Debug|Any CPU
		{533BCBA5-B501-41F8-AE59-8406AD190754}.Release|Any CPU.ActiveCfg = Release|Any CPU
		{533BCBA5-B501-41F8-AE59-8406AD190754}.Release|Any CPU.Build.0 = Release|Any CPU
	EndGlobalSection
	GlobalSection(SolutionProperties) = preSolution
		HideSolutionNode = FALSE
	EndGlobalSection
	GlobalSection(ExtensibilityGlobals) = postSolution
		SolutionGuid = {8102FA19-55FB-45A7-8B5F-03DF00B7A9E7}
	EndGlobalSection
EndGlobal
